// !$*UTF8*$!
{
	archiveVersion = 1;
	classes = {
	};
	objectVersion = 55;
	objects = {

/* Begin PBXBuildFile section */
		C62B1BBB29774BD300D39457 /* UnderlinedTextField.swift in Sources */ = {isa = PBXBuildFile; fileRef = C62B1BBA29774BD300D39457 /* UnderlinedTextField.swift */; };
		C6440D2E293FA10700917CD1 /* HomeTableViewCell.swift in Sources */ = {isa = PBXBuildFile; fileRef = C6440D2C293FA10700917CD1 /* HomeTableViewCell.swift */; };
		C6440D2F293FA10700917CD1 /* HomeTableViewCell.xib in Resources */ = {isa = PBXBuildFile; fileRef = C6440D2D293FA10700917CD1 /* HomeTableViewCell.xib */; };
		C6440D35293FFA8800917CD1 /* ShoppingList.swift in Sources */ = {isa = PBXBuildFile; fileRef = C6440D34293FFA8800917CD1 /* ShoppingList.swift */; };
		C6440D3D2947CC1700917CD1 /* ShoppingDetailViewController.swift in Sources */ = {isa = PBXBuildFile; fileRef = C6440D3B2947CC1700917CD1 /* ShoppingDetailViewController.swift */; };
		C6440D3E2947CC1700917CD1 /* ShoppingDetailViewController.xib in Resources */ = {isa = PBXBuildFile; fileRef = C6440D3C2947CC1700917CD1 /* ShoppingDetailViewController.xib */; };
		C6440D422949316400917CD1 /* ShoppingDetailTableViewCell.swift in Sources */ = {isa = PBXBuildFile; fileRef = C6440D402949316400917CD1 /* ShoppingDetailTableViewCell.swift */; };
		C6440D432949316400917CD1 /* ShoppingDetailTableViewCell.xib in Resources */ = {isa = PBXBuildFile; fileRef = C6440D412949316400917CD1 /* ShoppingDetailTableViewCell.xib */; };
		C6440D45294A1C2B00917CD1 /* AjiacoList.swift in Sources */ = {isa = PBXBuildFile; fileRef = C6440D44294A1C2B00917CD1 /* AjiacoList.swift */; };
		C6440D502956010000917CD1 /* AddItemViewController.swift in Sources */ = {isa = PBXBuildFile; fileRef = C6440D4E2956010000917CD1 /* AddItemViewController.swift */; };
		C6440D512956010000917CD1 /* AddItemViewController.xib in Resources */ = {isa = PBXBuildFile; fileRef = C6440D4F2956010000917CD1 /* AddItemViewController.xib */; };
		C6440D552959FD3300917CD1 /* HomeViewController.swift in Sources */ = {isa = PBXBuildFile; fileRef = C6440D532959FD3300917CD1 /* HomeViewController.swift */; };
		C6440D562959FD3300917CD1 /* HomeViewController.xib in Resources */ = {isa = PBXBuildFile; fileRef = C6440D542959FD3300917CD1 /* HomeViewController.xib */; };
		C6440D5A295A198D00917CD1 /* AddListViewController.swift in Sources */ = {isa = PBXBuildFile; fileRef = C6440D58295A198D00917CD1 /* AddListViewController.swift */; };
		C6440D5B295A198D00917CD1 /* AddListViewController.xib in Resources */ = {isa = PBXBuildFile; fileRef = C6440D59295A198D00917CD1 /* AddListViewController.xib */; };
		C6AC155D29382644008202FA /* AppDelegate.swift in Sources */ = {isa = PBXBuildFile; fileRef = C6AC155C29382644008202FA /* AppDelegate.swift */; };
		C6AC155F29382644008202FA /* SceneDelegate.swift in Sources */ = {isa = PBXBuildFile; fileRef = C6AC155E29382644008202FA /* SceneDelegate.swift */; };
		C6AC156129382644008202FA /* ViewController.swift in Sources */ = {isa = PBXBuildFile; fileRef = C6AC156029382644008202FA /* ViewController.swift */; };
		C6AC156429382644008202FA /* Main.storyboard in Resources */ = {isa = PBXBuildFile; fileRef = C6AC156229382644008202FA /* Main.storyboard */; };
		C6AC156729382644008202FA /* PilaricaApp.xcdatamodeld in Sources */ = {isa = PBXBuildFile; fileRef = C6AC156529382644008202FA /* PilaricaApp.xcdatamodeld */; };
		C6AC156929382648008202FA /* Assets.xcassets in Resources */ = {isa = PBXBuildFile; fileRef = C6AC156829382648008202FA /* Assets.xcassets */; };
		C6AC156C29382648008202FA /* LaunchScreen.storyboard in Resources */ = {isa = PBXBuildFile; fileRef = C6AC156A29382648008202FA /* LaunchScreen.storyboard */; };
/* End PBXBuildFile section */

/* Begin PBXFileReference section */
		C62B1BBA29774BD300D39457 /* UnderlinedTextField.swift */ = {isa = PBXFileReference; lastKnownFileType = sourcecode.swift; path = UnderlinedTextField.swift; sourceTree = "<group>"; };
		C6440D2C293FA10700917CD1 /* HomeTableViewCell.swift */ = {isa = PBXFileReference; lastKnownFileType = sourcecode.swift; path = HomeTableViewCell.swift; sourceTree = "<group>"; };
		C6440D2D293FA10700917CD1 /* HomeTableViewCell.xib */ = {isa = PBXFileReference; lastKnownFileType = file.xib; path = HomeTableViewCell.xib; sourceTree = "<group>"; };
		C6440D34293FFA8800917CD1 /* ShoppingList.swift */ = {isa = PBXFileReference; lastKnownFileType = sourcecode.swift; path = ShoppingList.swift; sourceTree = "<group>"; };
		C6440D3B2947CC1700917CD1 /* ShoppingDetailViewController.swift */ = {isa = PBXFileReference; lastKnownFileType = sourcecode.swift; path = ShoppingDetailViewController.swift; sourceTree = "<group>"; };
		C6440D3C2947CC1700917CD1 /* ShoppingDetailViewController.xib */ = {isa = PBXFileReference; lastKnownFileType = file.xib; path = ShoppingDetailViewController.xib; sourceTree = "<group>"; };
		C6440D402949316400917CD1 /* ShoppingDetailTableViewCell.swift */ = {isa = PBXFileReference; lastKnownFileType = sourcecode.swift; path = ShoppingDetailTableViewCell.swift; sourceTree = "<group>"; };
		C6440D412949316400917CD1 /* ShoppingDetailTableViewCell.xib */ = {isa = PBXFileReference; lastKnownFileType = file.xib; path = ShoppingDetailTableViewCell.xib; sourceTree = "<group>"; };
		C6440D44294A1C2B00917CD1 /* AjiacoList.swift */ = {isa = PBXFileReference; lastKnownFileType = sourcecode.swift; path = AjiacoList.swift; sourceTree = "<group>"; };
		C6440D4E2956010000917CD1 /* AddItemViewController.swift */ = {isa = PBXFileReference; lastKnownFileType = sourcecode.swift; path = AddItemViewController.swift; sourceTree = "<group>"; };
		C6440D4F2956010000917CD1 /* AddItemViewController.xib */ = {isa = PBXFileReference; lastKnownFileType = file.xib; path = AddItemViewController.xib; sourceTree = "<group>"; };
		C6440D532959FD3300917CD1 /* HomeViewController.swift */ = {isa = PBXFileReference; lastKnownFileType = sourcecode.swift; path = HomeViewController.swift; sourceTree = "<group>"; };
		C6440D542959FD3300917CD1 /* HomeViewController.xib */ = {isa = PBXFileReference; lastKnownFileType = file.xib; path = HomeViewController.xib; sourceTree = "<group>"; };
		C6440D58295A198D00917CD1 /* AddListViewController.swift */ = {isa = PBXFileReference; lastKnownFileType = sourcecode.swift; path = AddListViewController.swift; sourceTree = "<group>"; };
		C6440D59295A198D00917CD1 /* AddListViewController.xib */ = {isa = PBXFileReference; lastKnownFileType = file.xib; path = AddListViewController.xib; sourceTree = "<group>"; };
		C6AC155929382644008202FA /* PilaricaApp.app */ = {isa = PBXFileReference; explicitFileType = wrapper.application; includeInIndex = 0; path = PilaricaApp.app; sourceTree = BUILT_PRODUCTS_DIR; };
		C6AC155C29382644008202FA /* AppDelegate.swift */ = {isa = PBXFileReference; lastKnownFileType = sourcecode.swift; path = AppDelegate.swift; sourceTree = "<group>"; };
		C6AC155E29382644008202FA /* SceneDelegate.swift */ = {isa = PBXFileReference; lastKnownFileType = sourcecode.swift; path = SceneDelegate.swift; sourceTree = "<group>"; };
		C6AC156029382644008202FA /* ViewController.swift */ = {isa = PBXFileReference; lastKnownFileType = sourcecode.swift; path = ViewController.swift; sourceTree = "<group>"; };
		C6AC156329382644008202FA /* Base */ = {isa = PBXFileReference; lastKnownFileType = file.storyboard; name = Base; path = Base.lproj/Main.storyboard; sourceTree = "<group>"; };
		C6AC156629382644008202FA /* PilaricaApp.xcdatamodel */ = {isa = PBXFileReference; lastKnownFileType = wrapper.xcdatamodel; path = PilaricaApp.xcdatamodel; sourceTree = "<group>"; };
		C6AC156829382648008202FA /* Assets.xcassets */ = {isa = PBXFileReference; lastKnownFileType = folder.assetcatalog; path = Assets.xcassets; sourceTree = "<group>"; };
		C6AC156B29382648008202FA /* Base */ = {isa = PBXFileReference; lastKnownFileType = file.storyboard; name = Base; path = Base.lproj/LaunchScreen.storyboard; sourceTree = "<group>"; };
		C6AC156D29382648008202FA /* Info.plist */ = {isa = PBXFileReference; lastKnownFileType = text.plist.xml; path = Info.plist; sourceTree = "<group>"; };
/* End PBXFileReference section */

/* Begin PBXFrameworksBuildPhase section */
		C6AC155629382644008202FA /* Frameworks */ = {
			isa = PBXFrameworksBuildPhase;
			buildActionMask = 2147483647;
			files = (
			);
			runOnlyForDeploymentPostprocessing = 0;
		};
/* End PBXFrameworksBuildPhase section */

/* Begin PBXGroup section */
		C62B1BB929774BAF00D39457 /* Utils */ = {
			isa = PBXGroup;
			children = (
				C62B1BBA29774BD300D39457 /* UnderlinedTextField.swift */,
			);
			path = Utils;
			sourceTree = "<group>";
		};
		C6440D26293F94BA00917CD1 /* Home */ = {
			isa = PBXGroup;
			children = (
				C6440D532959FD3300917CD1 /* HomeViewController.swift */,
				C6440D542959FD3300917CD1 /* HomeViewController.xib */,
				C6440D2C293FA10700917CD1 /* HomeTableViewCell.swift */,
				C6440D2D293FA10700917CD1 /* HomeTableViewCell.xib */,
				C6440D34293FFA8800917CD1 /* ShoppingList.swift */,
			);
			path = Home;
			sourceTree = "<group>";
		};
		C6440D27293F951400917CD1 /* ShoppingDetail */ = {
			isa = PBXGroup;
			children = (
				C6440D3B2947CC1700917CD1 /* ShoppingDetailViewController.swift */,
				C6440D3C2947CC1700917CD1 /* ShoppingDetailViewController.xib */,
				C6440D402949316400917CD1 /* ShoppingDetailTableViewCell.swift */,
				C6440D412949316400917CD1 /* ShoppingDetailTableViewCell.xib */,
				C6440D44294A1C2B00917CD1 /* AjiacoList.swift */,
			);
			path = ShoppingDetail;
			sourceTree = "<group>";
		};
		C6440D4D2955FE9A00917CD1 /* AddItem */ = {
			isa = PBXGroup;
			children = (
				C6440D4E2956010000917CD1 /* AddItemViewController.swift */,
				C6440D4F2956010000917CD1 /* AddItemViewController.xib */,
			);
			path = AddItem;
			sourceTree = "<group>";
		};
		C6440D57295A195E00917CD1 /* AddList */ = {
			isa = PBXGroup;
			children = (
				C6440D58295A198D00917CD1 /* AddListViewController.swift */,
				C6440D59295A198D00917CD1 /* AddListViewController.xib */,
			);
			path = AddList;
			sourceTree = "<group>";
		};
		C6AC155029382644008202FA = {
			isa = PBXGroup;
			children = (
				C6AC155B29382644008202FA /* PilaricaApp */,
				C6AC155A29382644008202FA /* Products */,
			);
			sourceTree = "<group>";
		};
		C6AC155A29382644008202FA /* Products */ = {
			isa = PBXGroup;
			children = (
				C6AC155929382644008202FA /* PilaricaApp.app */,
			);
			name = Products;
			sourceTree = "<group>";
		};
		C6AC155B29382644008202FA /* PilaricaApp */ = {
			isa = PBXGroup;
			children = (
				C62B1BB929774BAF00D39457 /* Utils */,
				C6440D57295A195E00917CD1 /* AddList */,
				C6440D4D2955FE9A00917CD1 /* AddItem */,
				C6440D27293F951400917CD1 /* ShoppingDetail */,
				C6440D26293F94BA00917CD1 /* Home */,
				C6AC155C29382644008202FA /* AppDelegate.swift */,
				C6AC155E29382644008202FA /* SceneDelegate.swift */,
				C6AC156029382644008202FA /* ViewController.swift */,
				C6AC156229382644008202FA /* Main.storyboard */,
				C6AC156829382648008202FA /* Assets.xcassets */,
				C6AC156A29382648008202FA /* LaunchScreen.storyboard */,
				C6AC156D29382648008202FA /* Info.plist */,
				C6AC156529382644008202FA /* PilaricaApp.xcdatamodeld */,
			);
			path = PilaricaApp;
			sourceTree = "<group>";
		};
/* End PBXGroup section */

/* Begin PBXNativeTarget section */
		C6AC155829382644008202FA /* PilaricaApp */ = {
			isa = PBXNativeTarget;
			buildConfigurationList = C6AC157029382648008202FA /* Build configuration list for PBXNativeTarget "PilaricaApp" */;
			buildPhases = (
				C6AC155529382644008202FA /* Sources */,
				C6AC155629382644008202FA /* Frameworks */,
				C6AC155729382644008202FA /* Resources */,
			);
			buildRules = (
			);
			dependencies = (
			);
			name = PilaricaApp;
			productName = PilaricaApp;
			productReference = C6AC155929382644008202FA /* PilaricaApp.app */;
			productType = "com.apple.product-type.application";
		};
/* End PBXNativeTarget section */

/* Begin PBXProject section */
		C6AC155129382644008202FA /* Project object */ = {
			isa = PBXProject;
			attributes = {
				BuildIndependentTargetsInParallel = 1;
				LastSwiftUpdateCheck = 1300;
				LastUpgradeCheck = 1300;
				TargetAttributes = {
					C6AC155829382644008202FA = {
						CreatedOnToolsVersion = 13.0;
					};
				};
			};
			buildConfigurationList = C6AC155429382644008202FA /* Build configuration list for PBXProject "PilaricaApp" */;
			compatibilityVersion = "Xcode 13.0";
			developmentRegion = en;
			hasScannedForEncodings = 0;
			knownRegions = (
				en,
				Base,
			);
			mainGroup = C6AC155029382644008202FA;
			productRefGroup = C6AC155A29382644008202FA /* Products */;
			projectDirPath = "";
			projectRoot = "";
			targets = (
				C6AC155829382644008202FA /* PilaricaApp */,
			);
		};
/* End PBXProject section */

/* Begin PBXResourcesBuildPhase section */
		C6AC155729382644008202FA /* Resources */ = {
			isa = PBXResourcesBuildPhase;
			buildActionMask = 2147483647;
			files = (
				C6440D3E2947CC1700917CD1 /* ShoppingDetailViewController.xib in Resources */,
				C6440D512956010000917CD1 /* AddItemViewController.xib in Resources */,
				C6AC156C29382648008202FA /* LaunchScreen.storyboard in Resources */,
				C6AC156929382648008202FA /* Assets.xcassets in Resources */,
				C6AC156429382644008202FA /* Main.storyboard in Resources */,
				C6440D432949316400917CD1 /* ShoppingDetailTableViewCell.xib in Resources */,
				C6440D2F293FA10700917CD1 /* HomeTableViewCell.xib in Resources */,
				C6440D562959FD3300917CD1 /* HomeViewController.xib in Resources */,
				C6440D5B295A198D00917CD1 /* AddListViewController.xib in Resources */,
			);
			runOnlyForDeploymentPostprocessing = 0;
		};
/* End PBXResourcesBuildPhase section */

/* Begin PBXSourcesBuildPhase section */
		C6AC155529382644008202FA /* Sources */ = {
			isa = PBXSourcesBuildPhase;
			buildActionMask = 2147483647;
			files = (
				C6AC156129382644008202FA /* ViewController.swift in Sources */,
				C6440D2E293FA10700917CD1 /* HomeTableViewCell.swift in Sources */,
				C6440D3D2947CC1700917CD1 /* ShoppingDetailViewController.swift in Sources */,
				C6AC155D29382644008202FA /* AppDelegate.swift in Sources */,
				C6AC156729382644008202FA /* PilaricaApp.xcdatamodeld in Sources */,
				C62B1BBB29774BD300D39457 /* UnderlinedTextField.swift in Sources */,
				C6440D45294A1C2B00917CD1 /* AjiacoList.swift in Sources */,
				C6440D5A295A198D00917CD1 /* AddListViewController.swift in Sources */,
				C6440D35293FFA8800917CD1 /* ShoppingList.swift in Sources */,
				C6AC155F29382644008202FA /* SceneDelegate.swift in Sources */,
				C6440D422949316400917CD1 /* ShoppingDetailTableViewCell.swift in Sources */,
				C6440D502956010000917CD1 /* AddItemViewController.swift in Sources */,
				C6440D552959FD3300917CD1 /* HomeViewController.swift in Sources */,
			);
			runOnlyForDeploymentPostprocessing = 0;
		};
/* End PBXSourcesBuildPhase section */

/* Begin PBXVariantGroup section */
		C6AC156229382644008202FA /* Main.storyboard */ = {
			isa = PBXVariantGroup;
			children = (
				C6AC156329382644008202FA /* Base */,
			);
			name = Main.storyboard;
			sourceTree = "<group>";
		};
		C6AC156A29382648008202FA /* LaunchScreen.storyboard */ = {
			isa = PBXVariantGroup;
			children = (
				C6AC156B29382648008202FA /* Base */,
			);
			name = LaunchScreen.storyboard;
			sourceTree = "<group>";
		};
/* End PBXVariantGroup section */

/* Begin XCBuildConfiguration section */
		C6AC156E29382648008202FA /* Debug */ = {
			isa = XCBuildConfiguration;
			buildSettings = {
				ALWAYS_SEARCH_USER_PATHS = NO;
				CLANG_ANALYZER_NONNULL = YES;
				CLANG_ANALYZER_NUMBER_OBJECT_CONVERSION = YES_AGGRESSIVE;
				CLANG_CXX_LANGUAGE_STANDARD = "gnu++17";
				CLANG_CXX_LIBRARY = "libc++";
				CLANG_ENABLE_MODULES = YES;
				CLANG_ENABLE_OBJC_ARC = YES;
				CLANG_ENABLE_OBJC_WEAK = YES;
				CLANG_WARN_BLOCK_CAPTURE_AUTORELEASING = YES;
				CLANG_WARN_BOOL_CONVERSION = YES;
				CLANG_WARN_COMMA = YES;
				CLANG_WARN_CONSTANT_CONVERSION = YES;
				CLANG_WARN_DEPRECATED_OBJC_IMPLEMENTATIONS = YES;
				CLANG_WARN_DIRECT_OBJC_ISA_USAGE = YES_ERROR;
				CLANG_WARN_DOCUMENTATION_COMMENTS = YES;
				CLANG_WARN_EMPTY_BODY = YES;
				CLANG_WARN_ENUM_CONVERSION = YES;
				CLANG_WARN_INFINITE_RECURSION = YES;
				CLANG_WARN_INT_CONVERSION = YES;
				CLANG_WARN_NON_LITERAL_NULL_CONVERSION = YES;
				CLANG_WARN_OBJC_IMPLICIT_RETAIN_SELF = YES;
				CLANG_WARN_OBJC_LITERAL_CONVERSION = YES;
				CLANG_WARN_OBJC_ROOT_CLASS = YES_ERROR;
				CLANG_WARN_QUOTED_INCLUDE_IN_FRAMEWORK_HEADER = YES;
				CLANG_WARN_RANGE_LOOP_ANALYSIS = YES;
				CLANG_WARN_STRICT_PROTOTYPES = YES;
				CLANG_WARN_SUSPICIOUS_MOVE = YES;
				CLANG_WARN_UNGUARDED_AVAILABILITY = YES_AGGRESSIVE;
				CLANG_WARN_UNREACHABLE_CODE = YES;
				CLANG_WARN__DUPLICATE_METHOD_MATCH = YES;
				COPY_PHASE_STRIP = NO;
				DEBUG_INFORMATION_FORMAT = dwarf;
				ENABLE_STRICT_OBJC_MSGSEND = YES;
				ENABLE_TESTABILITY = YES;
				GCC_C_LANGUAGE_STANDARD = gnu11;
				GCC_DYNAMIC_NO_PIC = NO;
				GCC_NO_COMMON_BLOCKS = YES;
				GCC_OPTIMIZATION_LEVEL = 0;
				GCC_PREPROCESSOR_DEFINITIONS = (
					"DEBUG=1",
					"$(inherited)",
				);
				GCC_WARN_64_TO_32_BIT_CONVERSION = YES;
				GCC_WARN_ABOUT_RETURN_TYPE = YES_ERROR;
				GCC_WARN_UNDECLARED_SELECTOR = YES;
				GCC_WARN_UNINITIALIZED_AUTOS = YES_AGGRESSIVE;
				GCC_WARN_UNUSED_FUNCTION = YES;
				GCC_WARN_UNUSED_VARIABLE = YES;
				IPHONEOS_DEPLOYMENT_TARGET = 15.0;
				MTL_ENABLE_DEBUG_INFO = INCLUDE_SOURCE;
				MTL_FAST_MATH = YES;
				ONLY_ACTIVE_ARCH = YES;
				SDKROOT = iphoneos;
				SWIFT_ACTIVE_COMPILATION_CONDITIONS = DEBUG;
				SWIFT_OPTIMIZATION_LEVEL = "-Onone";
			};
			name = Debug;
		};
		C6AC156F29382648008202FA /* Release */ = {
			isa = XCBuildConfiguration;
			buildSettings = {
				ALWAYS_SEARCH_USER_PATHS = NO;
				CLANG_ANALYZER_NONNULL = YES;
				CLANG_ANALYZER_NUMBER_OBJECT_CONVERSION = YES_AGGRESSIVE;
				CLANG_CXX_LANGUAGE_STANDARD = "gnu++17";
				CLANG_CXX_LIBRARY = "libc++";
				CLANG_ENABLE_MODULES = YES;
				CLANG_ENABLE_OBJC_ARC = YES;
				CLANG_ENABLE_OBJC_WEAK = YES;
				CLANG_WARN_BLOCK_CAPTURE_AUTORELEASING = YES;
				CLANG_WARN_BOOL_CONVERSION = YES;
				CLANG_WARN_COMMA = YES;
				CLANG_WARN_CONSTANT_CONVERSION = YES;
				CLANG_WARN_DEPRECATED_OBJC_IMPLEMENTATIONS = YES;
				CLANG_WARN_DIRECT_OBJC_ISA_USAGE = YES_ERROR;
				CLANG_WARN_DOCUMENTATION_COMMENTS = YES;
				CLANG_WARN_EMPTY_BODY = YES;
				CLANG_WARN_ENUM_CONVERSION = YES;
				CLANG_WARN_INFINITE_RECURSION = YES;
				CLANG_WARN_INT_CONVERSION = YES;
				CLANG_WARN_NON_LITERAL_NULL_CONVERSION = YES;
				CLANG_WARN_OBJC_IMPLICIT_RETAIN_SELF = YES;
				CLANG_WARN_OBJC_LITERAL_CONVERSION = YES;
				CLANG_WARN_OBJC_ROOT_CLASS = YES_ERROR;
				CLANG_WARN_QUOTED_INCLUDE_IN_FRAMEWORK_HEADER = YES;
				CLANG_WARN_RANGE_LOOP_ANALYSIS = YES;
				CLANG_WARN_STRICT_PROTOTYPES = YES;
				CLANG_WARN_SUSPICIOUS_MOVE = YES;
				CLANG_WARN_UNGUARDED_AVAILABILITY = YES_AGGRESSIVE;
				CLANG_WARN_UNREACHABLE_CODE = YES;
				CLANG_WARN__DUPLICATE_METHOD_MATCH = YES;
				COPY_PHASE_STRIP = NO;
				DEBUG_INFORMATION_FORMAT = "dwarf-with-dsym";
				ENABLE_NS_ASSERTIONS = NO;
				ENABLE_STRICT_OBJC_MSGSEND = YES;
				GCC_C_LANGUAGE_STANDARD = gnu11;
				GCC_NO_COMMON_BLOCKS = YES;
				GCC_WARN_64_TO_32_BIT_CONVERSION = YES;
				GCC_WARN_ABOUT_RETURN_TYPE = YES_ERROR;
				GCC_WARN_UNDECLARED_SELECTOR = YES;
				GCC_WARN_UNINITIALIZED_AUTOS = YES_AGGRESSIVE;
				GCC_WARN_UNUSED_FUNCTION = YES;
				GCC_WARN_UNUSED_VARIABLE = YES;
				IPHONEOS_DEPLOYMENT_TARGET = 15.0;
				MTL_ENABLE_DEBUG_INFO = NO;
				MTL_FAST_MATH = YES;
				SDKROOT = iphoneos;
				SWIFT_COMPILATION_MODE = wholemodule;
				SWIFT_OPTIMIZATION_LEVEL = "-O";
				VALIDATE_PRODUCT = YES;
			};
			name = Release;
		};
		C6AC157129382648008202FA /* Debug */ = {
			isa = XCBuildConfiguration;
			buildSettings = {
				ASSETCATALOG_COMPILER_APPICON_NAME = AppIcon;
				ASSETCATALOG_COMPILER_GLOBAL_ACCENT_COLOR_NAME = AccentColor;
				CODE_SIGN_STYLE = Automatic;
				CURRENT_PROJECT_VERSION = 1;
				DEVELOPMENT_TEAM = HYNZSVXQ7G;
				GENERATE_INFOPLIST_FILE = YES;
				INFOPLIST_FILE = PilaricaApp/Info.plist;
				INFOPLIST_KEY_UIApplicationSupportsIndirectInputEvents = YES;
				INFOPLIST_KEY_UILaunchStoryboardName = LaunchScreen;
				INFOPLIST_KEY_UIMainStoryboardFile = Main;
				INFOPLIST_KEY_UISupportedInterfaceOrientations_iPad = "UIInterfaceOrientationPortrait UIInterfaceOrientationPortraitUpsideDown UIInterfaceOrientationLandscapeLeft UIInterfaceOrientationLandscapeRight";
				INFOPLIST_KEY_UISupportedInterfaceOrientations_iPhone = "UIInterfaceOrientationPortrait UIInterfaceOrientationLandscapeLeft UIInterfaceOrientationLandscapeRight";
				LD_RUNPATH_SEARCH_PATHS = (
					"$(inherited)",
					"@executable_path/Frameworks",
				);
				MARKETING_VERSION = 1.0;
				PRODUCT_BUNDLE_IDENTIFIER = com.prueba.PilaricaApp;
				PRODUCT_NAME = "$(TARGET_NAME)";
				SWIFT_EMIT_LOC_STRINGS = YES;
				SWIFT_VERSION = 5.0;
				TARGETED_DEVICE_FAMILY = "1,2";
			};
			name = Debug;
		};
		C6AC157229382648008202FA /* Release */ = {
			isa = XCBuildConfiguration;
			buildSettings = {
				ASSETCATALOG_COMPILER_APPICON_NAME = AppIcon;
				ASSETCATALOG_COMPILER_GLOBAL_ACCENT_COLOR_NAME = AccentColor;
				CODE_SIGN_STYLE = Automatic;
				CURRENT_PROJECT_VERSION = 1;
				DEVELOPMENT_TEAM = HYNZSVXQ7G;
				GENERATE_INFOPLIST_FILE = YES;
				INFOPLIST_FILE = PilaricaApp/Info.plist;
				INFOPLIST_KEY_UIApplicationSupportsIndirectInputEvents = YES;
				INFOPLIST_KEY_UILaunchStoryboardName = LaunchScreen;
				INFOPLIST_KEY_UIMainStoryboardFile = Main;
				INFOPLIST_KEY_UISupportedInterfaceOrientations_iPad = "UIInterfaceOrientationPortrait UIInterfaceOrientationPortraitUpsideDown UIInterfaceOrientationLandscapeLeft UIInterfaceOrientationLandscapeRight";
				INFOPLIST_KEY_UISupportedInterfaceOrientations_iPhone = "UIInterfaceOrientationPortrait UIInterfaceOrientationLandscapeLeft UIInterfaceOrientationLandscapeRight";
				LD_RUNPATH_SEARCH_PATHS = (
					"$(inherited)",
					"@executable_path/Frameworks",
				);
				MARKETING_VERSION = 1.0;
				PRODUCT_BUNDLE_IDENTIFIER = com.prueba.PilaricaApp;
				PRODUCT_NAME = "$(TARGET_NAME)";
				SWIFT_EMIT_LOC_STRINGS = YES;
				SWIFT_VERSION = 5.0;
				TARGETED_DEVICE_FAMILY = "1,2";
			};
			name = Release;
		};
/* End XCBuildConfiguration section */

/* Begin XCConfigurationList section */
		C6AC155429382644008202FA /* Build configuration list for PBXProject "PilaricaApp" */ = {
			isa = XCConfigurationList;
			buildConfigurations = (
				C6AC156E29382648008202FA /* Debug */,
				C6AC156F29382648008202FA /* Release */,
			);
			defaultConfigurationIsVisible = 0;
			defaultConfigurationName = Release;
		};
		C6AC157029382648008202FA /* Build configuration list for PBXNativeTarget "PilaricaApp" */ = {
			isa = XCConfigurationList;
			buildConfigurations = (
				C6AC157129382648008202FA /* Debug */,
				C6AC157229382648008202FA /* Release */,
			);
			defaultConfigurationIsVisible = 0;
			defaultConfigurationName = Release;
		};
/* End XCConfigurationList section */

/* Begin XCVersionGroup section */
		C6AC156529382644008202FA /* PilaricaApp.xcdatamodeld */ = {
			isa = XCVersionGroup;
			children = (
				C6AC156629382644008202FA /* PilaricaApp.xcdatamodel */,
			);
			currentVersion = C6AC156629382644008202FA /* PilaricaApp.xcdatamodel */;
			path = PilaricaApp.xcdatamodeld;
			sourceTree = "<group>";
			versionGroupType = wrapper.xcdatamodel;
		};
/* End XCVersionGroup section */
	};
	rootObject = C6AC155129382644008202FA /* Project object */;
}
